// !$*UTF8*$!
{
	archiveVersion = 1;
	classes = {
	};
	objectVersion = 46;
	objects = {

/* Begin PBXBuildFile section */
		303D5AC91AA46598005F1934 /* lijsttest.cpp in Sources */ = {isa = PBXBuildFile; fileRef = 303D5AC81AA46598005F1934 /* lijsttest.cpp */; };
/* End PBXBuildFile section */

/* Begin PBXCopyFilesBuildPhase section */
		303D5ABC1AA4656E005F1934 /* CopyFiles */ = {
			isa = PBXCopyFilesBuildPhase;
			buildActionMask = 2147483647;
			dstPath = /usr/share/man/man1/;
			dstSubfolderSpec = 0;
			files = (
			);
			runOnlyForDeploymentPostprocessing = 1;
		};
/* End PBXCopyFilesBuildPhase section */

/* Begin PBXFileReference section */
		303D5ABE1AA4656E005F1934 /* Labo3 */ = {isa = PBXFileReference; explicitFileType = "compiled.mach-o.executable"; includeInIndex = 0; path = Labo3; sourceTree = BUILT_PRODUCTS_DIR; };
		303D5AC81AA46598005F1934 /* lijsttest.cpp */ = {isa = PBXFileReference; fileEncoding = 4; lastKnownFileType = sourcecode.cpp.cpp; path = lijsttest.cpp; sourceTree = "<group>"; };
		303D5ACA1AA465AE005F1934 /* lijst.h */ = {isa = PBXFileReference; lastKnownFileType = sourcecode.c.h; name = lijst.h; path = ../lijst.h; sourceTree = "<group>"; };
/* End PBXFileReference section */

/* Begin PBXFrameworksBuildPhase section */
		303D5ABB1AA4656E005F1934 /* Frameworks */ = {
			isa = PBXFrameworksBuildPhase;
			buildActionMask = 2147483647;
			files = (
			);
			runOnlyForDeploymentPostprocessing = 0;
		};
/* End PBXFrameworksBuildPhase section */

/* Begin PBXGroup section */
		303D5AB51AA4656E005F1934 = {
			isa = PBXGroup;
			children = (
				303D5AC01AA4656E005F1934 /* Labo3 */,
				303D5ABF1AA4656E005F1934 /* Products */,
			);
			sourceTree = "<group>";
		};
		303D5ABF1AA4656E005F1934 /* Products */ = {
			isa = PBXGroup;
			children = (
				303D5ABE1AA4656E005F1934 /* Labo3 */,
			);
			name = Products;
			sourceTree = "<group>";
		};
		303D5AC01AA4656E005F1934 /* Labo3 */ = {
			isa = PBXGroup;
			children = (
				303D5ACA1AA465AE005F1934 /* lijst.h */,
				303D5AC81AA46598005F1934 /* lijsttest.cpp */,
			);
			path = Labo3;
			sourceTree = "<group>";
		};
/* End PBXGroup section */

/* Begin PBXNativeTarget section */
		303D5ABD1AA4656E005F1934 /* Labo3 */ = {
			isa = PBXNativeTarget;
			buildConfigurationList = 303D5AC51AA4656E005F1934 /* Build configuration list for PBXNativeTarget "Labo3" */;
			buildPhases = (
				303D5ABA1AA4656E005F1934 /* Sources */,
				303D5ABB1AA4656E005F1934 /* Frameworks */,
				303D5ABC1AA4656E005F1934 /* CopyFiles */,
			);
			buildRules = (
			);
			dependencies = (
			);
			name = Labo3;
			productName = Labo3;
			productReference = 303D5ABE1AA4656E005F1934 /* Labo3 */;
			productType = "com.apple.product-type.tool";
		};
/* End PBXNativeTarget section */

/* Begin PBXProject section */
		303D5AB61AA4656E005F1934 /* Project object */ = {
			isa = PBXProject;
			attributes = {
				LastUpgradeCheck = 0610;
				ORGANIZATIONNAME = "Xavier Geerinck";
				TargetAttributes = {
					303D5ABD1AA4656E005F1934 = {
						CreatedOnToolsVersion = 6.1.1;
					};
				};
			};
			buildConfigurationList = 303D5AB91AA4656E005F1934 /* Build configuration list for PBXProject "Labo3" */;
			compatibilityVersion = "Xcode 3.2";
			developmentRegion = English;
			hasScannedForEncodings = 0;
			knownRegions = (
				en,
			);
			mainGroup = 303D5AB51AA4656E005F1934;
			productRefGroup = 303D5ABF1AA4656E005F1934 /* Products */;
			projectDirPath = "";
			projectRoot = "";
			targets = (
				303D5ABD1AA4656E005F1934 /* Labo3 */,
			);
		};
/* End PBXProject section */

/* Begin PBXSourcesBuildPhase section */
		303D5ABA1AA4656E005F1934 /* Sources */ = {
			isa = PBXSourcesBuildPhase;
			buildActionMask = 2147483647;
			files = (
				303D5AC91AA46598005F1934 /* lijsttest.cpp in Sources */,
			);
			runOnlyForDeploymentPostprocessing = 0;
		};
/* End PBXSourcesBuildPhase section */

/* Begin XCBuildConfiguration section */
		303D5AC31AA4656E005F1934 /* Debug */ = {
			isa = XCBuildConfiguration;
			buildSettings = {
				ALWAYS_SEARCH_USER_PATHS = NO;
				CLANG_CXX_LANGUAGE_STANDARD = "gnu++0x";
				CLANG_CXX_LIBRARY = "libc++";
				CLANG_ENABLE_MODULES = YES;
				CLANG_ENABLE_OBJC_ARC = YES;
				CLANG_WARN_BOOL_CONVERSION = YES;
				CLANG_WARN_CONSTANT_CONVERSION = YES;
				CLANG_WARN_DIRECT_OBJC_ISA_USAGE = YES_ERROR;
				CLANG_WARN_EMPTY_BODY = YES;
				CLANG_WARN_ENUM_CONVERSION = YES;
				CLANG_WARN_INT_CONVERSION = YES;
				CLANG_WARN_OBJC_ROOT_CLASS = YES_ERROR;
				CLANG_WARN_UNREACHABLE_CODE = YES;
				CLANG_WARN__DUPLICATE_METHOD_MATCH = YES;
				COPY_PHASE_STRIP = NO;
				ENABLE_STRICT_OBJC_MSGSEND = YES;
				GCC_C_LANGUAGE_STANDARD = gnu99;
				GCC_DYNAMIC_NO_PIC = NO;
				GCC_OPTIMIZATION_LEVEL = 0;
				GCC_PREPROCESSOR_DEFINITIONS = (
					"DEBUG=1",
					"$(inherited)",
				);
				GCC_SYMBOLS_PRIVATE_EXTERN = NO;
				GCC_WARN_64_TO_32_BIT_CONVERSION = YES;
				GCC_WARN_ABOUT_RETURN_TYPE = YES_ERROR;
				GCC_WARN_UNDECLARED_SELECTOR = YES;
				GCC_WARN_UNINITIALIZED_AUTOS = YES_AGGRESSIVE;
				GCC_WARN_UNUSED_FUNCTION = YES;
				GCC_WARN_UNUSED_VARIABLE = YES;
				MACOSX_DEPLOYMENT_TARGET = 10.8;
				MTL_ENABLE_DEBUG_INFO = YES;
				ONLY_ACTIVE_ARCH = YES;
				SDKROOT = macosx10.8;
			};
			name = Debug;
		};
		303D5AC41AA4656E005F1934 /* Release */ = {
			isa = XCBuildConfiguration;
			buildSettings = {
				ALWAYS_SEARCH_USER_PATHS = NO;
				CLANG_CXX_LANGUAGE_STANDARD = "gnu++0x";
				CLANG_CXX_LIBRARY = "libc++";
				CLANG_ENABLE_MODULES = YES;
				CLANG_ENABLE_OBJC_ARC = YES;
				CLANG_WARN_BOOL_CONVERSION = YES;
				CLANG_WARN_CONSTANT_CONVERSION = YES;
				CLANG_WARN_DIRECT_OBJC_ISA_USAGE = YES_ERROR;
				CLANG_WARN_EMPTY_BODY = YES;
				CLANG_WARN_ENUM_CONVERSION = YES;
				CLANG_WARN_INT_CONVERSION = YES;
				CLANG_WARN_OBJC_ROOT_CLASS = YES_ERROR;
				CLANG_WARN_UNREACHABLE_CODE = YES;
				CLANG_WARN__DUPLICATE_METHOD_MATCH = YES;
				COPY_PHASE_STRIP = YES;
				DEBUG_INFORMATION_FORMAT = "dwarf-with-dsym";
				ENABLE_NS_ASSERTIONS = NO;
				ENABLE_STRICT_OBJC_MSGSEND = YES;
				GCC_C_LANGUAGE_STANDARD = gnu99;
				GCC_WARN_64_TO_32_BIT_CONVERSION = YES;
				GCC_WARN_ABOUT_RETURN_TYPE = YES_ERROR;
				GCC_WARN_UNDECLARED_SELECTOR = YES;
				GCC_WARN_UNINITIALIZED_AUTOS = YES_AGGRESSIVE;
				GCC_WARN_UNUSED_FUNCTION = YES;
				GCC_WARN_UNUSED_VARIABLE = YES;
				MACOSX_DEPLOYMENT_TARGET = 10.8;
				MTL_ENABLE_DEBUG_INFO = NO;
				SDKROOT = macosx10.8;
			};
			name = Release;
		};
		303D5AC61AA4656E005F1934 /* Debug */ = {
			isa = XCBuildConfiguration;
			buildSettings = {
				PRODUCT_NAME = "$(TARGET_NAME)";
				SDKROOT = macosx10.10;
			};
			name = Debug;
		};
		303D5AC71AA4656E005F1934 /* Release */ = {
			isa = XCBuildConfiguration;
			buildSettings = {
				PRODUCT_NAME = "$(TARGET_NAME)";
				SDKROOT = macosx10.10;
			};
			name = Release;
		};
/* End XCBuildConfiguration section */

/* Begin XCConfigurationList section */
		303D5AB91AA4656E005F1934 /* Build configuration list for PBXProject "Labo3" */ = {
			isa = XCConfigurationList;
			buildConfigurations = (
				303D5AC31AA4656E005F1934 /* Debug */,
				303D5AC41AA4656E005F1934 /* Release */,
			);
			defaultConfigurationIsVisible = 0;
			defaultConfigurationName = Release;
		};
		303D5AC51AA4656E005F1934 /* Build configuration list for PBXNativeTarget "Labo3" */ = {
			isa = XCConfigurationList;
			buildConfigurations = (
				303D5AC61AA4656E005F1934 /* Debug */,
				303D5AC71AA4656E005F1934 /* Release */,
			);
			defaultConfigurationIsVisible = 0;
			defaultConfigurationName = Release;
		};
/* End XCConfigurationList section */
	};
	rootObject = 303D5AB61AA4656E005F1934 /* Project object */;
}
