// !$*UTF8*$!
{
	archiveVersion = 1;
	classes = {
	};
	objectVersion = 46;
	objects = {

/* Begin PBXBuildFile section */
		303DE5001A8BA66800346E42 /* main.cpp in Sources */ = {isa = PBXBuildFile; fileRef = 303DE4FF1A8BA66800346E42 /* main.cpp */; };
		303DE5081A8BA6D600346E42 /* list.cpp in Sources */ = {isa = PBXBuildFile; fileRef = 303DE5061A8BA6D600346E42 /* list.cpp */; };
/* End PBXBuildFile section */

/* Begin PBXCopyFilesBuildPhase section */
		303DE4FA1A8BA66800346E42 /* CopyFiles */ = {
			isa = PBXCopyFilesBuildPhase;
			buildActionMask = 2147483647;
			dstPath = /usr/share/man/man1/;
			dstSubfolderSpec = 0;
			files = (
			);
			runOnlyForDeploymentPostprocessing = 1;
		};
/* End PBXCopyFilesBuildPhase section */

/* Begin PBXFileReference section */
		303DE4FC1A8BA66800346E42 /* Labo01 */ = {isa = PBXFileReference; explicitFileType = "compiled.mach-o.executable"; includeInIndex = 0; path = Labo01; sourceTree = BUILT_PRODUCTS_DIR; };
		303DE4FF1A8BA66800346E42 /* main.cpp */ = {isa = PBXFileReference; lastKnownFileType = sourcecode.cpp.cpp; path = main.cpp; sourceTree = "<group>"; };
		303DE5061A8BA6D600346E42 /* list.cpp */ = {isa = PBXFileReference; fileEncoding = 4; lastKnownFileType = sourcecode.cpp.cpp; path = list.cpp; sourceTree = "<group>"; };
		303DE5071A8BA6D600346E42 /* list.h */ = {isa = PBXFileReference; fileEncoding = 4; lastKnownFileType = sourcecode.c.h; path = list.h; sourceTree = "<group>"; };
		311FDB691A991FD50065494E /* chrono.h */ = {isa = PBXFileReference; lastKnownFileType = sourcecode.c.h; path = chrono.h; sourceTree = "<group>"; };
/* End PBXFileReference section */

/* Begin PBXFrameworksBuildPhase section */
		303DE4F91A8BA66800346E42 /* Frameworks */ = {
			isa = PBXFrameworksBuildPhase;
			buildActionMask = 2147483647;
			files = (
			);
			runOnlyForDeploymentPostprocessing = 0;
		};
/* End PBXFrameworksBuildPhase section */

/* Begin PBXGroup section */
		303DE4F31A8BA66700346E42 = {
			isa = PBXGroup;
			children = (
				303DE4FE1A8BA66800346E42 /* Labo01 */,
				303DE4FD1A8BA66800346E42 /* Products */,
			);
			sourceTree = "<group>";
		};
		303DE4FD1A8BA66800346E42 /* Products */ = {
			isa = PBXGroup;
			children = (
				303DE4FC1A8BA66800346E42 /* Labo01 */,
			);
			name = Products;
			sourceTree = "<group>";
		};
		303DE4FE1A8BA66800346E42 /* Labo01 */ = {
			isa = PBXGroup;
			children = (
				303DE4FF1A8BA66800346E42 /* main.cpp */,
				303DE5061A8BA6D600346E42 /* list.cpp */,
				303DE5071A8BA6D600346E42 /* list.h */,
				311FDB691A991FD50065494E /* chrono.h */,
			);
			path = Labo01;
			sourceTree = "<group>";
		};
/* End PBXGroup section */

/* Begin PBXNativeTarget section */
		303DE4FB1A8BA66800346E42 /* Labo01 */ = {
			isa = PBXNativeTarget;
			buildConfigurationList = 303DE5031A8BA66800346E42 /* Build configuration list for PBXNativeTarget "Labo01" */;
			buildPhases = (
				303DE4F81A8BA66800346E42 /* Sources */,
				303DE4F91A8BA66800346E42 /* Frameworks */,
				303DE4FA1A8BA66800346E42 /* CopyFiles */,
			);
			buildRules = (
			);
			dependencies = (
			);
			name = Labo01;
			productName = Labo01;
			productReference = 303DE4FC1A8BA66800346E42 /* Labo01 */;
			productType = "com.apple.product-type.tool";
		};
/* End PBXNativeTarget section */

/* Begin PBXProject section */
		303DE4F41A8BA66700346E42 /* Project object */ = {
			isa = PBXProject;
			attributes = {
				LastUpgradeCheck = 0610;
				ORGANIZATIONNAME = "Xavier Geerinck";
				TargetAttributes = {
					303DE4FB1A8BA66800346E42 = {
						CreatedOnToolsVersion = 6.1.1;
					};
				};
			};
			buildConfigurationList = 303DE4F71A8BA66700346E42 /* Build configuration list for PBXProject "Labo01" */;
			compatibilityVersion = "Xcode 3.2";
			developmentRegion = English;
			hasScannedForEncodings = 0;
			knownRegions = (
				en,
			);
			mainGroup = 303DE4F31A8BA66700346E42;
			productRefGroup = 303DE4FD1A8BA66800346E42 /* Products */;
			projectDirPath = "";
			projectRoot = "";
			targets = (
				303DE4FB1A8BA66800346E42 /* Labo01 */,
			);
		};
/* End PBXProject section */

/* Begin PBXSourcesBuildPhase section */
		303DE4F81A8BA66800346E42 /* Sources */ = {
			isa = PBXSourcesBuildPhase;
			buildActionMask = 2147483647;
			files = (
				303DE5001A8BA66800346E42 /* main.cpp in Sources */,
				303DE5081A8BA6D600346E42 /* list.cpp in Sources */,
			);
			runOnlyForDeploymentPostprocessing = 0;
		};
/* End PBXSourcesBuildPhase section */

/* Begin XCBuildConfiguration section */
		303DE5011A8BA66800346E42 /* Debug */ = {
			isa = XCBuildConfiguration;
			buildSettings = {
				ALWAYS_SEARCH_USER_PATHS = NO;
				CLANG_CXX_LANGUAGE_STANDARD = "gnu++0x";
				CLANG_CXX_LIBRARY = "libc++";
				CLANG_ENABLE_MODULES = YES;
				CLANG_ENABLE_OBJC_ARC = YES;
				CLANG_WARN_BOOL_CONVERSION = YES;
				CLANG_WARN_CONSTANT_CONVERSION = YES;
				CLANG_WARN_DIRECT_OBJC_ISA_USAGE = YES_ERROR;
				CLANG_WARN_EMPTY_BODY = YES;
				CLANG_WARN_ENUM_CONVERSION = YES;
				CLANG_WARN_INT_CONVERSION = YES;
				CLANG_WARN_OBJC_ROOT_CLASS = YES_ERROR;
				CLANG_WARN_UNREACHABLE_CODE = YES;
				CLANG_WARN__DUPLICATE_METHOD_MATCH = YES;
				COPY_PHASE_STRIP = NO;
				ENABLE_STRICT_OBJC_MSGSEND = YES;
				GCC_C_LANGUAGE_STANDARD = gnu99;
				GCC_DYNAMIC_NO_PIC = NO;
				GCC_OPTIMIZATION_LEVEL = 0;
				GCC_PREPROCESSOR_DEFINITIONS = (
					"DEBUG=1",
					"$(inherited)",
				);
				GCC_SYMBOLS_PRIVATE_EXTERN = NO;
				GCC_WARN_64_TO_32_BIT_CONVERSION = YES;
				GCC_WARN_ABOUT_RETURN_TYPE = YES_ERROR;
				GCC_WARN_UNDECLARED_SELECTOR = YES;
				GCC_WARN_UNINITIALIZED_AUTOS = YES_AGGRESSIVE;
				GCC_WARN_UNUSED_FUNCTION = YES;
				GCC_WARN_UNUSED_VARIABLE = YES;
				MACOSX_DEPLOYMENT_TARGET = 10.8;
				MTL_ENABLE_DEBUG_INFO = YES;
				ONLY_ACTIVE_ARCH = YES;
				SDKROOT = macosx10.8;
			};
			name = Debug;
		};
		303DE5021A8BA66800346E42 /* Release */ = {
			isa = XCBuildConfiguration;
			buildSettings = {
				ALWAYS_SEARCH_USER_PATHS = NO;
				CLANG_CXX_LANGUAGE_STANDARD = "gnu++0x";
				CLANG_CXX_LIBRARY = "libc++";
				CLANG_ENABLE_MODULES = YES;
				CLANG_ENABLE_OBJC_ARC = YES;
				CLANG_WARN_BOOL_CONVERSION = YES;
				CLANG_WARN_CONSTANT_CONVERSION = YES;
				CLANG_WARN_DIRECT_OBJC_ISA_USAGE = YES_ERROR;
				CLANG_WARN_EMPTY_BODY = YES;
				CLANG_WARN_ENUM_CONVERSION = YES;
				CLANG_WARN_INT_CONVERSION = YES;
				CLANG_WARN_OBJC_ROOT_CLASS = YES_ERROR;
				CLANG_WARN_UNREACHABLE_CODE = YES;
				CLANG_WARN__DUPLICATE_METHOD_MATCH = YES;
				COPY_PHASE_STRIP = YES;
				DEBUG_INFORMATION_FORMAT = "dwarf-with-dsym";
				ENABLE_NS_ASSERTIONS = NO;
				ENABLE_STRICT_OBJC_MSGSEND = YES;
				GCC_C_LANGUAGE_STANDARD = gnu99;
				GCC_WARN_64_TO_32_BIT_CONVERSION = YES;
				GCC_WARN_ABOUT_RETURN_TYPE = YES_ERROR;
				GCC_WARN_UNDECLARED_SELECTOR = YES;
				GCC_WARN_UNINITIALIZED_AUTOS = YES_AGGRESSIVE;
				GCC_WARN_UNUSED_FUNCTION = YES;
				GCC_WARN_UNUSED_VARIABLE = YES;
				MACOSX_DEPLOYMENT_TARGET = 10.8;
				MTL_ENABLE_DEBUG_INFO = NO;
				SDKROOT = macosx10.8;
			};
			name = Release;
		};
		303DE5041A8BA66800346E42 /* Debug */ = {
			isa = XCBuildConfiguration;
			buildSettings = {
				PRODUCT_NAME = "$(TARGET_NAME)";
				SDKROOT = macosx10.10;
			};
			name = Debug;
		};
		303DE5051A8BA66800346E42 /* Release */ = {
			isa = XCBuildConfiguration;
			buildSettings = {
				PRODUCT_NAME = "$(TARGET_NAME)";
				SDKROOT = macosx10.10;
			};
			name = Release;
		};
/* End XCBuildConfiguration section */

/* Begin XCConfigurationList section */
		303DE4F71A8BA66700346E42 /* Build configuration list for PBXProject "Labo01" */ = {
			isa = XCConfigurationList;
			buildConfigurations = (
				303DE5011A8BA66800346E42 /* Debug */,
				303DE5021A8BA66800346E42 /* Release */,
			);
			defaultConfigurationIsVisible = 0;
			defaultConfigurationName = Release;
		};
		303DE5031A8BA66800346E42 /* Build configuration list for PBXNativeTarget "Labo01" */ = {
			isa = XCConfigurationList;
			buildConfigurations = (
				303DE5041A8BA66800346E42 /* Debug */,
				303DE5051A8BA66800346E42 /* Release */,
			);
			defaultConfigurationIsVisible = 0;
			defaultConfigurationName = Release;
		};
/* End XCConfigurationList section */
	};
	rootObject = 303DE4F41A8BA66700346E42 /* Project object */;
}
